golang.org/x/text v0.41.0 h1:vz/seA0lnX87Othu2f/0L24RcgrXD9/YFTSuGjj3rH8=
golang.org/x/text v0.41.0/go.mod h1:jvf1O8ajNzZqhSrQBPbutR/EB83Cc0CFrezNQIwbb5M=
t73f.de/r/zero v0.0.0-20260807145836-eaf658412723 h1:4tdn3WZlVjUFCTLVc+bhL1gAuTgxiH0o7/HQ11EFxmw=
t73f.de/r/zero v0.0.0-20260807145836-eaf658412723/go.mod h1:S4ofQ2BGzbJ8T9biv3fFqdiAPg5OPaCxqjCb4oYR7NY=
