golang.org/x/text v0.39.0 h1:UbZz4pLOvn600D6Oh6GGEI6VAmndrEBLv8/6BEXzyus=
golang.org/x/text v0.39.0/go.mod h1:3UwRclnC2g0TU9x8PZiyfOajCd1zaUNHF9cvqcQZ+ZM=
t73f.de/r/zero v0.0.0-20260707122001-de8d8b38ab5b h1:gyQwRIF5RqeAHkSRY1yHxB/KAx5pjA0QQ2ppNXQbY9U=
t73f.de/r/zero v0.0.0-20260707122001-de8d8b38ab5b/go.mod h1:S4ofQ2BGzbJ8T9biv3fFqdiAPg5OPaCxqjCb4oYR7NY=
