golang.org/x/text v0.40.0 h1:Ub2Z6/xjgF1WrYQz2nuITOEegKFtiIy+rieRJ5lHZKs=
golang.org/x/text v0.40.0/go.mod h1:hpnzDAfGV753zIKo+wk3u1bVKCGPbrnF7+7LBF/UHVY=
t73f.de/r/zero v0.0.0-20260807145836-eaf658412723 h1:4tdn3WZlVjUFCTLVc+bhL1gAuTgxiH0o7/HQ11EFxmw=
t73f.de/r/zero v0.0.0-20260807145836-eaf658412723/go.mod h1:S4ofQ2BGzbJ8T9biv3fFqdiAPg5OPaCxqjCb4oYR7NY=
